
Microsoft Visual Studio Solution File, Format Version 12.00
# Visual Studio 2013
VisualStudioVersion = 12.0.21005.1
MinimumVisualStudioVersion = 10.0.40219.1
Project("{FAE04EC0-301F-11D3-BF4B-00C04F79EFBC}") = "GUI", "GUI\GUI.csproj", "{A2918CE1-6894-4FC9-A864-4651769D0274}"
	ProjectSection(ProjectDependencies) = postProject
		{B3B7D798-3D52-47F0-B1A7-A91BC5FE184F} = {B3B7D798-3D52-47F0-B1A7-A91BC5FE184F}
	EndProjectSection
EndProject
Project("{FAE04EC0-301F-11D3-BF4B-00C04F79EFBC}") = "Core", "Core\Core.csproj", "{8CF10505-3C2E-4E45-AB90-21613237B412}"
EndProject
Project("{FAE04EC0-301F-11D3-BF4B-00C04F79EFBC}") = "Translations", "Translations\Translations.csproj", "{B3B7D798-3D52-47F0-B1A7-A91BC5FE184F}"
EndProject
Project("{FAE04EC0-301F-11D3-BF4B-00C04F79EFBC}") = "CodeGenerator", "CodeGenerator\CodeGenerator.csproj", "{BE60D62D-E757-44F4-A342-5388742F5986}"
EndProject
Project("{FAE04EC0-301F-11D3-BF4B-00C04F79EFBC}") = "AssemblyImport", "AssemblyImport\AssemblyImport.csproj", "{88605D35-9E31-47CC-B6A2-45E6381D52B9}"
EndProject
Project("{FAE04EC0-301F-11D3-BF4B-00C04F79EFBC}") = "CSharp", "CSharp\CSharp.csproj", "{755B2714-62DB-419C-9097-49C08439E7E3}"
EndProject
Project("{FAE04EC0-301F-11D3-BF4B-00C04F79EFBC}") = "Java", "Java\Java.csproj", "{255565B1-3246-4184-9F71-19178FE0BA65}"
EndProject
Project("{FAE04EC0-301F-11D3-BF4B-00C04F79EFBC}") = "DiagramEditor", "DiagramEditor\DiagramEditor.csproj", "{F52A7548-E60A-485B-9C84-1D2871416DB7}"
EndProject
Project("{FAE04EC0-301F-11D3-BF4B-00C04F79EFBC}") = "PDFExport", "PDFExport\PDFExport.csproj", "{53E9092C-848E-4D6A-9E8A-2ECD71BAEF04}"
EndProject
Project("{FAE04EC0-301F-11D3-BF4B-00C04F79EFBC}") = "DatabaseSchemaReader2015", "..\..\lib\dbschemareader\DatabaseSchemaReader\DatabaseSchemaReader2015.csproj", "{AA652F8E-0B96-484C-A146-C4183E4A0A25}"
EndProject
Project("{FAE04EC0-301F-11D3-BF4B-00C04F79EFBC}") = "Liquid.NET", "..\..\lib\Liquid.NET_Exp\Liquid.NET\Liquid.NET.csproj", "{00128464-3F55-4C96-9445-F829DE49FBBA}"
EndProject
Global
	GlobalSection(SolutionConfigurationPlatforms) = preSolution
		Debug|Any CPU = Debug|Any CPU
		Debug|Mixed Platforms = Debug|Mixed Platforms
		Debug|x86 = Debug|x86
		Net4|Any CPU = Net4|Any CPU
		Net4|Mixed Platforms = Net4|Mixed Platforms
		Net4|x86 = Net4|x86
		net45|Any CPU = net45|Any CPU
		net45|Mixed Platforms = net45|Mixed Platforms
		net45|x86 = net45|x86
		Release|Any CPU = Release|Any CPU
		Release|Mixed Platforms = Release|Mixed Platforms
		Release|x86 = Release|x86
	EndGlobalSection
	GlobalSection(ProjectConfigurationPlatforms) = postSolution
		{A2918CE1-6894-4FC9-A864-4651769D0274}.Debug|Any CPU.ActiveCfg = Debug|Any CPU
		{A2918CE1-6894-4FC9-A864-4651769D0274}.Debug|Any CPU.Build.0 = Debug|Any CPU
		{A2918CE1-6894-4FC9-A864-4651769D0274}.Debug|Mixed Platforms.ActiveCfg = Debug|Any CPU
		{A2918CE1-6894-4FC9-A864-4651769D0274}.Debug|Mixed Platforms.Build.0 = Debug|Any CPU
		{A2918CE1-6894-4FC9-A864-4651769D0274}.Debug|x86.ActiveCfg = Debug|Any CPU
		{A2918CE1-6894-4FC9-A864-4651769D0274}.Net4|Any CPU.ActiveCfg = Release|Any CPU
		{A2918CE1-6894-4FC9-A864-4651769D0274}.Net4|Any CPU.Build.0 = Release|Any CPU
		{A2918CE1-6894-4FC9-A864-4651769D0274}.Net4|Mixed Platforms.ActiveCfg = Release|Any CPU
		{A2918CE1-6894-4FC9-A864-4651769D0274}.Net4|Mixed Platforms.Build.0 = Release|Any CPU
		{A2918CE1-6894-4FC9-A864-4651769D0274}.Net4|x86.ActiveCfg = Release|Any CPU
		{A2918CE1-6894-4FC9-A864-4651769D0274}.net45|Any CPU.ActiveCfg = Release|Any CPU
		{A2918CE1-6894-4FC9-A864-4651769D0274}.net45|Any CPU.Build.0 = Release|Any CPU
		{A2918CE1-6894-4FC9-A864-4651769D0274}.net45|Mixed Platforms.ActiveCfg = Release|Any CPU
		{A2918CE1-6894-4FC9-A864-4651769D0274}.net45|Mixed Platforms.Build.0 = Release|Any CPU
		{A2918CE1-6894-4FC9-A864-4651769D0274}.net45|x86.ActiveCfg = Release|Any CPU
		{A2918CE1-6894-4FC9-A864-4651769D0274}.Release|Any CPU.ActiveCfg = Release|Any CPU
		{A2918CE1-6894-4FC9-A864-4651769D0274}.Release|Any CPU.Build.0 = Release|Any CPU
		{A2918CE1-6894-4FC9-A864-4651769D0274}.Release|Mixed Platforms.ActiveCfg = Release|Any CPU
		{A2918CE1-6894-4FC9-A864-4651769D0274}.Release|Mixed Platforms.Build.0 = Release|Any CPU
		{A2918CE1-6894-4FC9-A864-4651769D0274}.Release|x86.ActiveCfg = Release|Any CPU
		{8CF10505-3C2E-4E45-AB90-21613237B412}.Debug|Any CPU.ActiveCfg = Debug|Any CPU
		{8CF10505-3C2E-4E45-AB90-21613237B412}.Debug|Any CPU.Build.0 = Debug|Any CPU
		{8CF10505-3C2E-4E45-AB90-21613237B412}.Debug|Mixed Platforms.ActiveCfg = Debug|Any CPU
		{8CF10505-3C2E-4E45-AB90-21613237B412}.Debug|Mixed Platforms.Build.0 = Debug|Any CPU
		{8CF10505-3C2E-4E45-AB90-21613237B412}.Debug|x86.ActiveCfg = Debug|Any CPU
		{8CF10505-3C2E-4E45-AB90-21613237B412}.Net4|Any CPU.ActiveCfg = Release|Any CPU
		{8CF10505-3C2E-4E45-AB90-21613237B412}.Net4|Any CPU.Build.0 = Release|Any CPU
		{8CF10505-3C2E-4E45-AB90-21613237B412}.Net4|Mixed Platforms.ActiveCfg = Release|Any CPU
		{8CF10505-3C2E-4E45-AB90-21613237B412}.Net4|Mixed Platforms.Build.0 = Release|Any CPU
		{8CF10505-3C2E-4E45-AB90-21613237B412}.Net4|x86.ActiveCfg = Release|Any CPU
		{8CF10505-3C2E-4E45-AB90-21613237B412}.net45|Any CPU.ActiveCfg = Release|Any CPU
		{8CF10505-3C2E-4E45-AB90-21613237B412}.net45|Any CPU.Build.0 = Release|Any CPU
		{8CF10505-3C2E-4E45-AB90-21613237B412}.net45|Mixed Platforms.ActiveCfg = Release|Any CPU
		{8CF10505-3C2E-4E45-AB90-21613237B412}.net45|Mixed Platforms.Build.0 = Release|Any CPU
		{8CF10505-3C2E-4E45-AB90-21613237B412}.net45|x86.ActiveCfg = Release|Any CPU
		{8CF10505-3C2E-4E45-AB90-21613237B412}.Release|Any CPU.ActiveCfg = Release|Any CPU
		{8CF10505-3C2E-4E45-AB90-21613237B412}.Release|Any CPU.Build.0 = Release|Any CPU
		{8CF10505-3C2E-4E45-AB90-21613237B412}.Release|Mixed Platforms.ActiveCfg = Release|Any CPU
		{8CF10505-3C2E-4E45-AB90-21613237B412}.Release|Mixed Platforms.Build.0 = Release|Any CPU
		{8CF10505-3C2E-4E45-AB90-21613237B412}.Release|x86.ActiveCfg = Release|Any CPU
		{B3B7D798-3D52-47F0-B1A7-A91BC5FE184F}.Debug|Any CPU.ActiveCfg = Debug|Any CPU
		{B3B7D798-3D52-47F0-B1A7-A91BC5FE184F}.Debug|Any CPU.Build.0 = Debug|Any CPU
		{B3B7D798-3D52-47F0-B1A7-A91BC5FE184F}.Debug|Mixed Platforms.ActiveCfg = Debug|Any CPU
		{B3B7D798-3D52-47F0-B1A7-A91BC5FE184F}.Debug|Mixed Platforms.Build.0 = Debug|Any CPU
		{B3B7D798-3D52-47F0-B1A7-A91BC5FE184F}.Debug|x86.ActiveCfg = Debug|Any CPU
		{B3B7D798-3D52-47F0-B1A7-A91BC5FE184F}.Net4|Any CPU.ActiveCfg = Release|Any CPU
		{B3B7D798-3D52-47F0-B1A7-A91BC5FE184F}.Net4|Any CPU.Build.0 = Release|Any CPU
		{B3B7D798-3D52-47F0-B1A7-A91BC5FE184F}.Net4|Mixed Platforms.ActiveCfg = Release|Any CPU
		{B3B7D798-3D52-47F0-B1A7-A91BC5FE184F}.Net4|Mixed Platforms.Build.0 = Release|Any CPU
		{B3B7D798-3D52-47F0-B1A7-A91BC5FE184F}.Net4|x86.ActiveCfg = Release|Any CPU
		{B3B7D798-3D52-47F0-B1A7-A91BC5FE184F}.net45|Any CPU.ActiveCfg = Release|Any CPU
		{B3B7D798-3D52-47F0-B1A7-A91BC5FE184F}.net45|Any CPU.Build.0 = Release|Any CPU
		{B3B7D798-3D52-47F0-B1A7-A91BC5FE184F}.net45|Mixed Platforms.ActiveCfg = Release|Any CPU
		{B3B7D798-3D52-47F0-B1A7-A91BC5FE184F}.net45|Mixed Platforms.Build.0 = Release|Any CPU
		{B3B7D798-3D52-47F0-B1A7-A91BC5FE184F}.net45|x86.ActiveCfg = Release|Any CPU
		{B3B7D798-3D52-47F0-B1A7-A91BC5FE184F}.Release|Any CPU.ActiveCfg = Release|Any CPU
		{B3B7D798-3D52-47F0-B1A7-A91BC5FE184F}.Release|Any CPU.Build.0 = Release|Any CPU
		{B3B7D798-3D52-47F0-B1A7-A91BC5FE184F}.Release|Mixed Platforms.ActiveCfg = Release|Any CPU
		{B3B7D798-3D52-47F0-B1A7-A91BC5FE184F}.Release|Mixed Platforms.Build.0 = Release|Any CPU
		{B3B7D798-3D52-47F0-B1A7-A91BC5FE184F}.Release|x86.ActiveCfg = Release|Any CPU
		{BE60D62D-E757-44F4-A342-5388742F5986}.Debug|Any CPU.ActiveCfg = Debug|Any CPU
		{BE60D62D-E757-44F4-A342-5388742F5986}.Debug|Any CPU.Build.0 = Debug|Any CPU
		{BE60D62D-E757-44F4-A342-5388742F5986}.Debug|Mixed Platforms.ActiveCfg = Debug|Any CPU
		{BE60D62D-E757-44F4-A342-5388742F5986}.Debug|Mixed Platforms.Build.0 = Debug|Any CPU
		{BE60D62D-E757-44F4-A342-5388742F5986}.Debug|x86.ActiveCfg = Debug|Any CPU
		{BE60D62D-E757-44F4-A342-5388742F5986}.Net4|Any CPU.ActiveCfg = Release|Any CPU
		{BE60D62D-E757-44F4-A342-5388742F5986}.Net4|Any CPU.Build.0 = Release|Any CPU
		{BE60D62D-E757-44F4-A342-5388742F5986}.Net4|Mixed Platforms.ActiveCfg = Release|Any CPU
		{BE60D62D-E757-44F4-A342-5388742F5986}.Net4|Mixed Platforms.Build.0 = Release|Any CPU
		{BE60D62D-E757-44F4-A342-5388742F5986}.Net4|x86.ActiveCfg = Release|Any CPU
		{BE60D62D-E757-44F4-A342-5388742F5986}.net45|Any CPU.ActiveCfg = Release|Any CPU
		{BE60D62D-E757-44F4-A342-5388742F5986}.net45|Any CPU.Build.0 = Release|Any CPU
		{BE60D62D-E757-44F4-A342-5388742F5986}.net45|Mixed Platforms.ActiveCfg = Release|Any CPU
		{BE60D62D-E757-44F4-A342-5388742F5986}.net45|Mixed Platforms.Build.0 = Release|Any CPU
		{BE60D62D-E757-44F4-A342-5388742F5986}.net45|x86.ActiveCfg = Release|Any CPU
		{BE60D62D-E757-44F4-A342-5388742F5986}.Release|Any CPU.ActiveCfg = Release|Any CPU
		{BE60D62D-E757-44F4-A342-5388742F5986}.Release|Any CPU.Build.0 = Release|Any CPU
		{BE60D62D-E757-44F4-A342-5388742F5986}.Release|Mixed Platforms.ActiveCfg = Release|Any CPU
		{BE60D62D-E757-44F4-A342-5388742F5986}.Release|Mixed Platforms.Build.0 = Release|Any CPU
		{BE60D62D-E757-44F4-A342-5388742F5986}.Release|x86.ActiveCfg = Release|Any CPU
		{88605D35-9E31-47CC-B6A2-45E6381D52B9}.Debug|Any CPU.ActiveCfg = Debug|Any CPU
		{88605D35-9E31-47CC-B6A2-45E6381D52B9}.Debug|Any CPU.Build.0 = Debug|Any CPU
		{88605D35-9E31-47CC-B6A2-45E6381D52B9}.Debug|Mixed Platforms.ActiveCfg = Debug|Any CPU
		{88605D35-9E31-47CC-B6A2-45E6381D52B9}.Debug|Mixed Platforms.Build.0 = Debug|Any CPU
		{88605D35-9E31-47CC-B6A2-45E6381D52B9}.Debug|x86.ActiveCfg = Debug|Any CPU
		{88605D35-9E31-47CC-B6A2-45E6381D52B9}.Net4|Any CPU.ActiveCfg = Release|Any CPU
		{88605D35-9E31-47CC-B6A2-45E6381D52B9}.Net4|Any CPU.Build.0 = Release|Any CPU
		{88605D35-9E31-47CC-B6A2-45E6381D52B9}.Net4|Mixed Platforms.ActiveCfg = Release|Any CPU
		{88605D35-9E31-47CC-B6A2-45E6381D52B9}.Net4|Mixed Platforms.Build.0 = Release|Any CPU
		{88605D35-9E31-47CC-B6A2-45E6381D52B9}.Net4|x86.ActiveCfg = Release|Any CPU
		{88605D35-9E31-47CC-B6A2-45E6381D52B9}.net45|Any CPU.ActiveCfg = Release|Any CPU
		{88605D35-9E31-47CC-B6A2-45E6381D52B9}.net45|Any CPU.Build.0 = Release|Any CPU
		{88605D35-9E31-47CC-B6A2-45E6381D52B9}.net45|Mixed Platforms.ActiveCfg = Release|Any CPU
		{88605D35-9E31-47CC-B6A2-45E6381D52B9}.net45|Mixed Platforms.Build.0 = Release|Any CPU
		{88605D35-9E31-47CC-B6A2-45E6381D52B9}.net45|x86.ActiveCfg = Release|Any CPU
		{88605D35-9E31-47CC-B6A2-45E6381D52B9}.Release|Any CPU.ActiveCfg = Release|Any CPU
		{88605D35-9E31-47CC-B6A2-45E6381D52B9}.Release|Any CPU.Build.0 = Release|Any CPU
		{88605D35-9E31-47CC-B6A2-45E6381D52B9}.Release|Mixed Platforms.ActiveCfg = Release|Any CPU
		{88605D35-9E31-47CC-B6A2-45E6381D52B9}.Release|Mixed Platforms.Build.0 = Release|Any CPU
		{88605D35-9E31-47CC-B6A2-45E6381D52B9}.Release|x86.ActiveCfg = Release|Any CPU
		{755B2714-62DB-419C-9097-49C08439E7E3}.Debug|Any CPU.ActiveCfg = Debug|Any CPU
		{755B2714-62DB-419C-9097-49C08439E7E3}.Debug|Any CPU.Build.0 = Debug|Any CPU
		{755B2714-62DB-419C-9097-49C08439E7E3}.Debug|Mixed Platforms.ActiveCfg = Debug|Any CPU
		{755B2714-62DB-419C-9097-49C08439E7E3}.Debug|Mixed Platforms.Build.0 = Debug|Any CPU
		{755B2714-62DB-419C-9097-49C08439E7E3}.Debug|x86.ActiveCfg = Debug|Any CPU
		{755B2714-62DB-419C-9097-49C08439E7E3}.Net4|Any CPU.ActiveCfg = Release|Any CPU
		{755B2714-62DB-419C-9097-49C08439E7E3}.Net4|Any CPU.Build.0 = Release|Any CPU
		{755B2714-62DB-419C-9097-49C08439E7E3}.Net4|Mixed Platforms.ActiveCfg = Release|Any CPU
		{755B2714-62DB-419C-9097-49C08439E7E3}.Net4|Mixed Platforms.Build.0 = Release|Any CPU
		{755B2714-62DB-419C-9097-49C08439E7E3}.Net4|x86.ActiveCfg = Release|Any CPU
		{755B2714-62DB-419C-9097-49C08439E7E3}.net45|Any CPU.ActiveCfg = Release|Any CPU
		{755B2714-62DB-419C-9097-49C08439E7E3}.net45|Any CPU.Build.0 = Release|Any CPU
		{755B2714-62DB-419C-9097-49C08439E7E3}.net45|Mixed Platforms.ActiveCfg = Release|Any CPU
		{755B2714-62DB-419C-9097-49C08439E7E3}.net45|Mixed Platforms.Build.0 = Release|Any CPU
		{755B2714-62DB-419C-9097-49C08439E7E3}.net45|x86.ActiveCfg = Release|Any CPU
		{755B2714-62DB-419C-9097-49C08439E7E3}.Release|Any CPU.ActiveCfg = Release|Any CPU
		{755B2714-62DB-419C-9097-49C08439E7E3}.Release|Any CPU.Build.0 = Release|Any CPU
		{755B2714-62DB-419C-9097-49C08439E7E3}.Release|Mixed Platforms.ActiveCfg = Release|Any CPU
		{755B2714-62DB-419C-9097-49C08439E7E3}.Release|Mixed Platforms.Build.0 = Release|Any CPU
		{755B2714-62DB-419C-9097-49C08439E7E3}.Release|x86.ActiveCfg = Release|Any CPU
		{255565B1-3246-4184-9F71-19178FE0BA65}.Debug|Any CPU.ActiveCfg = Debug|Any CPU
		{255565B1-3246-4184-9F71-19178FE0BA65}.Debug|Any CPU.Build.0 = Debug|Any CPU
		{255565B1-3246-4184-9F71-19178FE0BA65}.Debug|Mixed Platforms.ActiveCfg = Debug|Any CPU
		{255565B1-3246-4184-9F71-19178FE0BA65}.Debug|Mixed Platforms.Build.0 = Debug|Any CPU
		{255565B1-3246-4184-9F71-19178FE0BA65}.Debug|x86.ActiveCfg = Debug|Any CPU
		{255565B1-3246-4184-9F71-19178FE0BA65}.Net4|Any CPU.ActiveCfg = Release|Any CPU
		{255565B1-3246-4184-9F71-19178FE0BA65}.Net4|Any CPU.Build.0 = Release|Any CPU
		{255565B1-3246-4184-9F71-19178FE0BA65}.Net4|Mixed Platforms.ActiveCfg = Release|Any CPU
		{255565B1-3246-4184-9F71-19178FE0BA65}.Net4|Mixed Platforms.Build.0 = Release|Any CPU
		{255565B1-3246-4184-9F71-19178FE0BA65}.Net4|x86.ActiveCfg = Release|Any CPU
		{255565B1-3246-4184-9F71-19178FE0BA65}.net45|Any CPU.ActiveCfg = Release|Any CPU
		{255565B1-3246-4184-9F71-19178FE0BA65}.net45|Any CPU.Build.0 = Release|Any CPU
		{255565B1-3246-4184-9F71-19178FE0BA65}.net45|Mixed Platforms.ActiveCfg = Release|Any CPU
		{255565B1-3246-4184-9F71-19178FE0BA65}.net45|Mixed Platforms.Build.0 = Release|Any CPU
		{255565B1-3246-4184-9F71-19178FE0BA65}.net45|x86.ActiveCfg = Release|Any CPU
		{255565B1-3246-4184-9F71-19178FE0BA65}.Release|Any CPU.ActiveCfg = Release|Any CPU
		{255565B1-3246-4184-9F71-19178FE0BA65}.Release|Any CPU.Build.0 = Release|Any CPU
		{255565B1-3246-4184-9F71-19178FE0BA65}.Release|Mixed Platforms.ActiveCfg = Release|Any CPU
		{255565B1-3246-4184-9F71-19178FE0BA65}.Release|Mixed Platforms.Build.0 = Release|Any CPU
		{255565B1-3246-4184-9F71-19178FE0BA65}.Release|x86.ActiveCfg = Release|Any CPU
		{F52A7548-E60A-485B-9C84-1D2871416DB7}.Debug|Any CPU.ActiveCfg = Debug|Any CPU
		{F52A7548-E60A-485B-9C84-1D2871416DB7}.Debug|Any CPU.Build.0 = Debug|Any CPU
		{F52A7548-E60A-485B-9C84-1D2871416DB7}.Debug|Mixed Platforms.ActiveCfg = Debug|Any CPU
		{F52A7548-E60A-485B-9C84-1D2871416DB7}.Debug|Mixed Platforms.Build.0 = Debug|Any CPU
		{F52A7548-E60A-485B-9C84-1D2871416DB7}.Debug|x86.ActiveCfg = Debug|Any CPU
		{F52A7548-E60A-485B-9C84-1D2871416DB7}.Net4|Any CPU.ActiveCfg = Release|Any CPU
		{F52A7548-E60A-485B-9C84-1D2871416DB7}.Net4|Any CPU.Build.0 = Release|Any CPU
		{F52A7548-E60A-485B-9C84-1D2871416DB7}.Net4|Mixed Platforms.ActiveCfg = Release|Any CPU
		{F52A7548-E60A-485B-9C84-1D2871416DB7}.Net4|Mixed Platforms.Build.0 = Release|Any CPU
		{F52A7548-E60A-485B-9C84-1D2871416DB7}.Net4|x86.ActiveCfg = Release|Any CPU
		{F52A7548-E60A-485B-9C84-1D2871416DB7}.net45|Any CPU.ActiveCfg = Release|Any CPU
		{F52A7548-E60A-485B-9C84-1D2871416DB7}.net45|Any CPU.Build.0 = Release|Any CPU
		{F52A7548-E60A-485B-9C84-1D2871416DB7}.net45|Mixed Platforms.ActiveCfg = Release|Any CPU
		{F52A7548-E60A-485B-9C84-1D2871416DB7}.net45|Mixed Platforms.Build.0 = Release|Any CPU
		{F52A7548-E60A-485B-9C84-1D2871416DB7}.net45|x86.ActiveCfg = Release|Any CPU
		{F52A7548-E60A-485B-9C84-1D2871416DB7}.Release|Any CPU.ActiveCfg = Release|Any CPU
		{F52A7548-E60A-485B-9C84-1D2871416DB7}.Release|Any CPU.Build.0 = Release|Any CPU
		{F52A7548-E60A-485B-9C84-1D2871416DB7}.Release|Mixed Platforms.ActiveCfg = Release|Any CPU
		{F52A7548-E60A-485B-9C84-1D2871416DB7}.Release|Mixed Platforms.Build.0 = Release|Any CPU
		{F52A7548-E60A-485B-9C84-1D2871416DB7}.Release|x86.ActiveCfg = Release|Any CPU
		{53E9092C-848E-4D6A-9E8A-2ECD71BAEF04}.Debug|Any CPU.ActiveCfg = Debug|Any CPU
		{53E9092C-848E-4D6A-9E8A-2ECD71BAEF04}.Debug|Any CPU.Build.0 = Debug|Any CPU
		{53E9092C-848E-4D6A-9E8A-2ECD71BAEF04}.Debug|Mixed Platforms.ActiveCfg = Debug|Any CPU
		{53E9092C-848E-4D6A-9E8A-2ECD71BAEF04}.Debug|Mixed Platforms.Build.0 = Debug|Any CPU
		{53E9092C-848E-4D6A-9E8A-2ECD71BAEF04}.Debug|x86.ActiveCfg = Debug|Any CPU
		{53E9092C-848E-4D6A-9E8A-2ECD71BAEF04}.Net4|Any CPU.ActiveCfg = Release|Any CPU
		{53E9092C-848E-4D6A-9E8A-2ECD71BAEF04}.Net4|Any CPU.Build.0 = Release|Any CPU
		{53E9092C-848E-4D6A-9E8A-2ECD71BAEF04}.Net4|Mixed Platforms.ActiveCfg = Release|Any CPU
		{53E9092C-848E-4D6A-9E8A-2ECD71BAEF04}.Net4|Mixed Platforms.Build.0 = Release|Any CPU
		{53E9092C-848E-4D6A-9E8A-2ECD71BAEF04}.Net4|x86.ActiveCfg = Release|Any CPU
		{53E9092C-848E-4D6A-9E8A-2ECD71BAEF04}.net45|Any CPU.ActiveCfg = Release|Any CPU
		{53E9092C-848E-4D6A-9E8A-2ECD71BAEF04}.net45|Any CPU.Build.0 = Release|Any CPU
		{53E9092C-848E-4D6A-9E8A-2ECD71BAEF04}.net45|Mixed Platforms.ActiveCfg = Release|Any CPU
		{53E9092C-848E-4D6A-9E8A-2ECD71BAEF04}.net45|Mixed Platforms.Build.0 = Release|Any CPU
		{53E9092C-848E-4D6A-9E8A-2ECD71BAEF04}.net45|x86.ActiveCfg = Release|Any CPU
		{53E9092C-848E-4D6A-9E8A-2ECD71BAEF04}.Release|Any CPU.ActiveCfg = Release|Any CPU
		{53E9092C-848E-4D6A-9E8A-2ECD71BAEF04}.Release|Any CPU.Build.0 = Release|Any CPU
		{53E9092C-848E-4D6A-9E8A-2ECD71BAEF04}.Release|Mixed Platforms.ActiveCfg = Release|Any CPU
		{53E9092C-848E-4D6A-9E8A-2ECD71BAEF04}.Release|Mixed Platforms.Build.0 = Release|Any CPU
		{53E9092C-848E-4D6A-9E8A-2ECD71BAEF04}.Release|x86.ActiveCfg = Release|Any CPU
		{AA652F8E-0B96-484C-A146-C4183E4A0A25}.Debug|Any CPU.ActiveCfg = Debug|Any CPU
		{AA652F8E-0B96-484C-A146-C4183E4A0A25}.Debug|Any CPU.Build.0 = Debug|Any CPU
		{AA652F8E-0B96-484C-A146-C4183E4A0A25}.Debug|Mixed Platforms.ActiveCfg = Debug|Any CPU
		{AA652F8E-0B96-484C-A146-C4183E4A0A25}.Debug|Mixed Platforms.Build.0 = Debug|Any CPU
		{AA652F8E-0B96-484C-A146-C4183E4A0A25}.Debug|x86.ActiveCfg = Debug|Any CPU
		{AA652F8E-0B96-484C-A146-C4183E4A0A25}.Net4|Any CPU.ActiveCfg = Net4|Any CPU
		{AA652F8E-0B96-484C-A146-C4183E4A0A25}.Net4|Any CPU.Build.0 = Net4|Any CPU
		{AA652F8E-0B96-484C-A146-C4183E4A0A25}.Net4|Mixed Platforms.ActiveCfg = Net4|Any CPU
		{AA652F8E-0B96-484C-A146-C4183E4A0A25}.Net4|Mixed Platforms.Build.0 = Net4|Any CPU
		{AA652F8E-0B96-484C-A146-C4183E4A0A25}.Net4|x86.ActiveCfg = Net4|Any CPU
		{AA652F8E-0B96-484C-A146-C4183E4A0A25}.net45|Any CPU.ActiveCfg = net45|Any CPU
		{AA652F8E-0B96-484C-A146-C4183E4A0A25}.net45|Any CPU.Build.0 = net45|Any CPU
		{AA652F8E-0B96-484C-A146-C4183E4A0A25}.net45|Mixed Platforms.ActiveCfg = net45|Any CPU
		{AA652F8E-0B96-484C-A146-C4183E4A0A25}.net45|Mixed Platforms.Build.0 = net45|Any CPU
		{AA652F8E-0B96-484C-A146-C4183E4A0A25}.net45|x86.ActiveCfg = net45|Any CPU
		{AA652F8E-0B96-484C-A146-C4183E4A0A25}.Release|Any CPU.ActiveCfg = Release|Any CPU
		{AA652F8E-0B96-484C-A146-C4183E4A0A25}.Release|Any CPU.Build.0 = Release|Any CPU
		{AA652F8E-0B96-484C-A146-C4183E4A0A25}.Release|Mixed Platforms.ActiveCfg = Release|Any CPU
		{AA652F8E-0B96-484C-A146-C4183E4A0A25}.Release|Mixed Platforms.Build.0 = Release|Any CPU
		{AA652F8E-0B96-484C-A146-C4183E4A0A25}.Release|x86.ActiveCfg = Release|Any CPU
		{00128464-3F55-4C96-9445-F829DE49FBBA}.Debug|Any CPU.ActiveCfg = Debug|Any CPU
		{00128464-3F55-4C96-9445-F829DE49FBBA}.Debug|Any CPU.Build.0 = Debug|Any CPU
		{00128464-3F55-4C96-9445-F829DE49FBBA}.Debug|Mixed Platforms.ActiveCfg = Debug|Any CPU
		{00128464-3F55-4C96-9445-F829DE49FBBA}.Debug|Mixed Platforms.Build.0 = Debug|Any CPU
		{00128464-3F55-4C96-9445-F829DE49FBBA}.Debug|x86.ActiveCfg = Debug|Any CPU
		{00128464-3F55-4C96-9445-F829DE49FBBA}.Net4|Any CPU.ActiveCfg = Release|Any CPU
		{00128464-3F55-4C96-9445-F829DE49FBBA}.Net4|Any CPU.Build.0 = Release|Any CPU
		{00128464-3F55-4C96-9445-F829DE49FBBA}.Net4|Mixed Platforms.ActiveCfg = Release|Any CPU
		{00128464-3F55-4C96-9445-F829DE49FBBA}.Net4|Mixed Platforms.Build.0 = Release|Any CPU
		{00128464-3F55-4C96-9445-F829DE49FBBA}.Net4|x86.ActiveCfg = Release|Any CPU
		{00128464-3F55-4C96-9445-F829DE49FBBA}.net45|Any CPU.ActiveCfg = Release|Any CPU
		{00128464-3F55-4C96-9445-F829DE49FBBA}.net45|Any CPU.Build.0 = Release|Any CPU
		{00128464-3F55-4C96-9445-F829DE49FBBA}.net45|Mixed Platforms.ActiveCfg = Release|Any CPU
		{00128464-3F55-4C96-9445-F829DE49FBBA}.net45|Mixed Platforms.Build.0 = Release|Any CPU
		{00128464-3F55-4C96-9445-F829DE49FBBA}.net45|x86.ActiveCfg = Release|Any CPU
		{00128464-3F55-4C96-9445-F829DE49FBBA}.Release|Any CPU.ActiveCfg = Release|Any CPU
		{00128464-3F55-4C96-9445-F829DE49FBBA}.Release|Any CPU.Build.0 = Release|Any CPU
		{00128464-3F55-4C96-9445-F829DE49FBBA}.Release|Mixed Platforms.ActiveCfg = Release|Any CPU
		{00128464-3F55-4C96-9445-F829DE49FBBA}.Release|Mixed Platforms.Build.0 = Release|Any CPU
		{00128464-3F55-4C96-9445-F829DE49FBBA}.Release|x86.ActiveCfg = Release|Any CPU
	EndGlobalSection
	GlobalSection(SolutionProperties) = preSolution
		HideSolutionNode = FALSE
	EndGlobalSection
EndGlobal
